
Microsoft Visual Studio Solution File, Format Version 12.00
# Visual Studio 15
VisualStudioVersion = 15.0.28307.572
MinimumVisualStudioVersion = 10.0.40219.1
Project("{2150E333-8FDC-42A3-9474-1A3956D46DE8}") = "Solution Items", "Solution Items", "{2EC7813D-00E9-451C-8995-B5BD8AF756A6}"
	ProjectSection(SolutionItems) = preProject
		.editorconfig = .editorconfig
	EndProjectSection
EndProject
Project("{FAE04EC0-301F-11D3-BF4B-00C04F79EFBC}") = "WebAPI", "WebAPI\WebAPI.csproj", "{523CCD14-C459-4A52-92EA-7CC2D80C9ED7}"
EndProject
Project("{FAE04EC0-301F-11D3-BF4B-00C04F79EFBC}") = "Entities", "Entities\Entities.csproj", "{3E68FC9F-E42C-4EC8-B354-BBA696C73644}"
EndProject
Global
	GlobalSection(SolutionConfigurationPlatforms) = preSolution
		Debug|Any CPU = Debug|Any CPU
		Release|Any CPU = Release|Any CPU
	EndGlobalSection
	GlobalSection(ProjectConfigurationPlatforms) = postSolution
		{523CCD14-C459-4A52-92EA-7CC2D80C9ED7}.Debug|Any CPU.ActiveCfg = Debug|Any CPU
		{523CCD14-C459-4A52-92EA-7CC2D80C9ED7}.Debug|Any CPU.Build.0 = Debug|Any CPU
		{523CCD14-C459-4A52-92EA-7CC2D80C9ED7}.Release|Any CPU.ActiveCfg = Release|Any CPU
		{523CCD14-C459-4A52-92EA-7CC2D80C9ED7}.Release|Any CPU.Build.0 = Release|Any CPU
		{3E68FC9F-E42C-4EC8-B354-BBA696C73644}.Debug|Any CPU.ActiveCfg = Debug|Any CPU
		{3E68FC9F-E42C-4EC8-B354-BBA696C73644}.Debug|Any CPU.Build.0 = Debug|Any CPU
		{3E68FC9F-E42C-4EC8-B354-BBA696C73644}.Release|Any CPU.ActiveCfg = Release|Any CPU
		{3E68FC9F-E42C-4EC8-B354-BBA696C73644}.Release|Any CPU.Build.0 = Release|Any CPU
	EndGlobalSection
	GlobalSection(SolutionProperties) = preSolution
		HideSolutionNode = FALSE
	EndGlobalSection
	GlobalSection(ExtensibilityGlobals) = postSolution
		SolutionGuid = {ABEC39A5-EA3D-498F-88DF-4416C72611CE}
	EndGlobalSection
EndGlobal
